
Microsoft Visual Studio Solution File, Format Version 12.00
# Visual Studio Version 16
VisualStudioVersion = 16.0.29123.88
MinimumVisualStudioVersion = 10.0.40219.1
Project("{FAE04EC0-301F-11D3-BF4B-00C04F79EFBC}") = "1024", "WindowsFormsApp1\1024.csproj", "{5F26B2E6-5B4F-44D5-975B-3E362C19A6DF}"
EndProject
Global
	GlobalSection(SolutionConfigurationPlatforms) = preSolution
		Debug|Any CPU = Debug|Any CPU
		Release|Any CPU = Release|Any CPU
	EndGlobalSection
	GlobalSection(ProjectConfigurationPlatforms) = postSolution
		{5F26B2E6-5B4F-44D5-975B-3E362C19A6DF}.Debug|Any CPU.ActiveCfg = Debug|Any CPU
		{5F26B2E6-5B4F-44D5-975B-3E362C19A6DF}.Debug|Any CPU.Build.0 = Debug|Any CPU
		{5F26B2E6-5B4F-44D5-975B-3E362C19A6DF}.Release|Any CPU.ActiveCfg = Release|Any CPU
		{5F26B2E6-5B4F-44D5-975B-3E362C19A6DF}.Release|Any CPU.Build.0 = Release|Any CPU
	EndGlobalSection
	GlobalSection(SolutionProperties) = preSolution
		HideSolutionNode = FALSE
	EndGlobalSection
	GlobalSection(ExtensibilityGlobals) = postSolution
		SolutionGuid = {5C085E57-E2D3-4237-BE39-B88A5234F0E1}
	EndGlobalSection
EndGlobal
